
Microsoft Visual Studio Solution File, Format Version 12.00
# Visual Studio Version 17
VisualStudioVersion = 17.4.33213.308
MinimumVisualStudioVersion = 10.0.40219.1
Project("{FAE04EC0-301F-11D3-BF4B-00C04F79EFBC}") = "LevelXEditor", "LevelXEditor\LevelXEditor.csproj", "{BC49558E-2AFC-443C-94E3-1EAB8B8D757E}"
EndProject
Global
	GlobalSection(SolutionConfigurationPlatforms) = preSolution
		Debug|Any CPU = Debug|Any CPU
		Release|Any CPU = Release|Any CPU
	EndGlobalSection
	GlobalSection(ProjectConfigurationPlatforms) = postSolution
		{BC49558E-2AFC-443C-94E3-1EAB8B8D757E}.Debug|Any CPU.ActiveCfg = Debug|Any CPU
		{BC49558E-2AFC-443C-94E3-1EAB8B8D757E}.Debug|Any CPU.Build.0 = Debug|Any CPU
		{BC49558E-2AFC-443C-94E3-1EAB8B8D757E}.Release|Any CPU.ActiveCfg = Release|Any CPU
		{BC49558E-2AFC-443C-94E3-1EAB8B8D757E}.Release|Any CPU.Build.0 = Release|Any CPU
	EndGlobalSection
	GlobalSection(SolutionProperties) = preSolution
		HideSolutionNode = FALSE
	EndGlobalSection
	GlobalSection(ExtensibilityGlobals) = postSolution
		SolutionGuid = {B76D08BC-D996-482C-BB09-F14A35C24CB1}
	EndGlobalSection
EndGlobal
